
Microsoft Visual Studio Solution File, Format Version 12.00
# Visual Studio Version 16
VisualStudioVersion = 16.0.29020.237
MinimumVisualStudioVersion = 10.0.40219.1
Project("{FAE04EC0-301F-11D3-BF4B-00C04F79EFBC}") = "VectorAdd", "VectorAdd\VectorAdd.csproj", "{3CFD0468-DF05-4587-B1D8-15FA72153C93}"
EndProject
Global
	GlobalSection(SolutionConfigurationPlatforms) = preSolution
		Debug|Any CPU = Debug|Any CPU
		Release|Any CPU = Release|Any CPU
	EndGlobalSection
	GlobalSection(ProjectConfigurationPlatforms) = postSolution
		{3CFD0468-DF05-4587-B1D8-15FA72153C93}.Debug|Any CPU.ActiveCfg = Debug|Any CPU
		{3CFD0468-DF05-4587-B1D8-15FA72153C93}.Debug|Any CPU.Build.0 = Debug|Any CPU
		{3CFD0468-DF05-4587-B1D8-15FA72153C93}.Release|Any CPU.ActiveCfg = Release|Any CPU
		{3CFD0468-DF05-4587-B1D8-15FA72153C93}.Release|Any CPU.Build.0 = Release|Any CPU
	EndGlobalSection
	GlobalSection(SolutionProperties) = preSolution
		HideSolutionNode = FALSE
	EndGlobalSection
	GlobalSection(ExtensibilityGlobals) = postSolution
		SolutionGuid = {31005D1A-2FE6-4529-8E88-21FB6B73725F}
	EndGlobalSection
EndGlobal
